
Microsoft Visual Studio Solution File, Format Version 12.00
# Visual Studio Version 17
VisualStudioVersion = 17.8.34330.188
MinimumVisualStudioVersion = 10.0.40219.1
Project("{FAE04EC0-301F-11D3-BF4B-00C04F79EFBC}") = "AI", "AI\AI.csproj", "{18272052-6F2A-4207-A994-E8E53A8833F6}"
EndProject
Global
	GlobalSection(SolutionConfigurationPlatforms) = preSolution
		Debug|Any CPU = Debug|Any CPU
		Release|Any CPU = Release|Any CPU
	EndGlobalSection
	GlobalSection(ProjectConfigurationPlatforms) = postSolution
		{18272052-6F2A-4207-A994-E8E53A8833F6}.Debug|Any CPU.ActiveCfg = Debug|Any CPU
		{18272052-6F2A-4207-A994-E8E53A8833F6}.Debug|Any CPU.Build.0 = Debug|Any CPU
		{18272052-6F2A-4207-A994-E8E53A8833F6}.Release|Any CPU.ActiveCfg = Release|Any CPU
		{18272052-6F2A-4207-A994-E8E53A8833F6}.Release|Any CPU.Build.0 = Release|Any CPU
	EndGlobalSection
	GlobalSection(SolutionProperties) = preSolution
		HideSolutionNode = FALSE
	EndGlobalSection
	GlobalSection(ExtensibilityGlobals) = postSolution
		SolutionGuid = {F3F296B5-6B7D-4154-A543-1BB7CBD49E07}
	EndGlobalSection
EndGlobal
